Microsoft Visual Studio Solution File, Format Version 12.00
# Visual Studio Version 17
VisualStudioVersion = 17.5.2.0
MinimumVisualStudioVersion = 10.0.40219.1
Project("{2150E333-8FDC-42A3-9474-1A3956D46DE8}") = "sharktools", "sharktools", "{2BFFCD25-DFEA-B633-8DDA-56687D92B77A}"
EndProject
Project("{2150E333-8FDC-42A3-9474-1A3956D46DE8}") = "src", "src", "{A12294A0-84DB-100A-1C8D-6950D2BC8B50}"
EndProject
Project("{FAE04EC0-301F-11D3-BF4B-00C04F79EFBC}") = "SharkToolsAddin", "sharktools\src\SharkToolsAddin\SharkToolsAddin.csproj", "{14FE4C52-29E9-BDDF-0CCC-F47E60D958C3}"
EndProject
Global
	GlobalSection(SolutionConfigurationPlatforms) = preSolution
		Debug|Any CPU = Debug|Any CPU
		Release|Any CPU = Release|Any CPU
	EndGlobalSection
	GlobalSection(ProjectConfigurationPlatforms) = postSolution
		{14FE4C52-29E9-BDDF-0CCC-F47E60D958C3}.Debug|Any CPU.ActiveCfg = Debug|Any CPU
		{14FE4C52-29E9-BDDF-0CCC-F47E60D958C3}.Debug|Any CPU.Build.0 = Debug|Any CPU
		{14FE4C52-29E9-BDDF-0CCC-F47E60D958C3}.Release|Any CPU.ActiveCfg = Release|Any CPU
		{14FE4C52-29E9-BDDF-0CCC-F47E60D958C3}.Release|Any CPU.Build.0 = Release|Any CPU
	EndGlobalSection
	GlobalSection(SolutionProperties) = preSolution
		HideSolutionNode = FALSE
	EndGlobalSection
	GlobalSection(NestedProjects) = preSolution
		{A12294A0-84DB-100A-1C8D-6950D2BC8B50} = {2BFFCD25-DFEA-B633-8DDA-56687D92B77A}
		{14FE4C52-29E9-BDDF-0CCC-F47E60D958C3} = {A12294A0-84DB-100A-1C8D-6950D2BC8B50}
	EndGlobalSection
	GlobalSection(ExtensibilityGlobals) = postSolution
		SolutionGuid = {21A35B73-04A9-4E5E-9683-A2317AB63F27}
	EndGlobalSection
EndGlobal
